
Microsoft Visual Studio Solution File, Format Version 12.00
# Visual Studio Version 16
VisualStudioVersion = 16.0.31112.23
MinimumVisualStudioVersion = 10.0.40219.1
Project("{FAE04EC0-301F-11D3-BF4B-00C04F79EFBC}") = "PassaParola", "PassaParola.csproj", "{103AB121-F6F8-4183-A8B4-00A9B7CE52EB}"
EndProject
Project("{54435603-DBB4-11D2-8724-00A0C9A8B90C}") = "PassaParola_Setup", "PassaParola_Setup\PassaParola_Setup.vdproj", "{0724C52B-D0C0-46CC-8B22-4F2C3602C8AA}"
EndProject
Global
	GlobalSection(SolutionConfigurationPlatforms) = preSolution
		Debug|Any CPU = Debug|Any CPU
		Release|Any CPU = Release|Any CPU
	EndGlobalSection
	GlobalSection(ProjectConfigurationPlatforms) = postSolution
		{103AB121-F6F8-4183-A8B4-00A9B7CE52EB}.Debug|Any CPU.ActiveCfg = Debug|Any CPU
		{103AB121-F6F8-4183-A8B4-00A9B7CE52EB}.Debug|Any CPU.Build.0 = Debug|Any CPU
		{103AB121-F6F8-4183-A8B4-00A9B7CE52EB}.Release|Any CPU.ActiveCfg = Release|Any CPU
		{103AB121-F6F8-4183-A8B4-00A9B7CE52EB}.Release|Any CPU.Build.0 = Release|Any CPU
		{0724C52B-D0C0-46CC-8B22-4F2C3602C8AA}.Debug|Any CPU.ActiveCfg = Debug
		{0724C52B-D0C0-46CC-8B22-4F2C3602C8AA}.Release|Any CPU.ActiveCfg = Release
	EndGlobalSection
	GlobalSection(SolutionProperties) = preSolution
		HideSolutionNode = FALSE
	EndGlobalSection
	GlobalSection(ExtensibilityGlobals) = postSolution
		SolutionGuid = {D013B822-C7AA-4826-B4D4-565A77193AED}
	EndGlobalSection
EndGlobal
